# THIS IS AN AUTOGENERATED FILE. DO NOT EDIT THIS FILE DIRECTLY.
# yarn lockfile v1


"@hotwired/stimulus-webpack-helpers@^1.0.0":
  version "1.0.1"
  resolved "https://registry.yarnpkg.com/@hotwired/stimulus-webpack-helpers/-/stimulus-webpack-helpers-1.0.1.tgz#4cd74487adeca576c9865ac2b9fe5cb20cef16dd"
  integrity sha512-wa/zupVG0eWxRYJjC1IiPBdt3Lruv0RqGN+/DTMmUWUyMAEB27KXmVY6a8YpUVTM7QwVuaLNGW4EqDgrS2upXQ==

"@hotwired/stimulus@^3.2.1":
  version "3.2.1"
  resolved "https://registry.yarnpkg.com/@hotwired/stimulus/-/stimulus-3.2.1.tgz#e3de23623b0c52c247aba4cd5d530d257008676b"
  integrity sha512-HGlzDcf9vv/EQrMJ5ZG6VWNs8Z/xMN+1o2OhV1gKiSG6CqZt5MCBB1gRg5ILiN3U0jEAxuDTNPRfBcnZBDmupQ==

"@rails/actioncable@>= 6.0":
  version "7.0.4"
  resolved "https://registry.yarnpkg.com/@rails/actioncable/-/actioncable-7.0.4.tgz#70a3ca56809f7aaabb80af2f9c01ae51e1a8ed41"
  integrity sha512-tz4oM+Zn9CYsvtyicsa/AwzKZKL+ITHWkhiu7x+xF77clh2b4Rm+s6xnOgY/sGDWoFWZmtKsE95hxBPkgQQNnQ==

"cable_ready@>= 4.5.0":
  version "4.5.0"
  resolved "https://registry.yarnpkg.com/cable_ready/-/cable_ready-4.5.0.tgz#1207218dd16934d12addfbd34c26ead853570672"
  integrity sha512-9bom1DuYe1teBdRckgKWjg+rWRLWrkOvkhzlXkhb33X+Pfu/QK9e4vGk6hGK9PVKVr0SYZC41dByFGknW4spLg==
  dependencies:
    morphdom "^2.6.1"

morphdom@^2.6.1:
  version "2.6.1"
  resolved "https://registry.yarnpkg.com/morphdom/-/morphdom-2.6.1.tgz#e868e24f989fa3183004b159aed643e628b4306e"
  integrity sha512-Y8YRbAEP3eKykroIBWrjcfMw7mmwJfjhqdpSvoqinu8Y702nAwikpXcNFDiIkyvfCLxLM9Wu95RZqo4a9jFBaA==

stimulus@^3.2.1:
  version "3.2.1"
  resolved "https://registry.yarnpkg.com/stimulus/-/stimulus-3.2.1.tgz#bf049a4379ed4ff7475515acce1f0b6fa15a0187"
  integrity sha512-EhpuHnTwtkWrE5m7tQxLBLsi1aE6xJ/9MbB88aKXZSquIC4pCueKJ2AGaF5gq+/BzP7+xvYaVYA0j1dIUuBsgA==
  dependencies:
    "@hotwired/stimulus" "^3.2.1"
    "@hotwired/stimulus-webpack-helpers" "^1.0.0"

stimulus_reflex@3.4.1:
  version "3.4.1"
  resolved "https://registry.yarnpkg.com/stimulus_reflex/-/stimulus_reflex-3.4.1.tgz#2606aee3b2911b5939d68f65a75262fe3c626204"
  integrity sha512-YbFcuE4HndNe9RBQvF/Vu+7GDt0zLGdhQTXuGfLDVti1qggPG3kPgV1YBZ9volzBTGUmLp2PQbxG9j5AIyYp5A==
  dependencies:
    "@rails/actioncable" ">= 6.0"
    cable_ready ">= 4.5.0"
